
Microsoft Visual Studio Solution File, Format Version 12.00
# Visual Studio Version 17
VisualStudioVersion = 17.7.34009.444
MinimumVisualStudioVersion = 10.0.40219.1
Project("{9A19103F-16F7-4668-BE54-9A1E7A4F7556}") = "Attendance.Api", "Attendance.Api\Attendance.Api.csproj", "{A33DB0EB-1322-480D-B74C-7C44ACA34A15}"
EndProject
Project("{9A19103F-16F7-4668-BE54-9A1E7A4F7556}") = "Attendance.Data", "Attendance.Data\Attendance.Data.csproj", "{7AB36220-71F3-4F14-A6AB-95A7135FDAC1}"
EndProject
Project("{9A19103F-16F7-4668-BE54-9A1E7A4F7556}") = "Attendance.Service", "Attendance.Service\Attendance.Service.csproj", "{5A1FA8BB-645C-4606-B07D-82D37295C710}"
EndProject
Project("{9A19103F-16F7-4668-BE54-9A1E7A4F7556}") = "Attdance.DataGenerator", "Attdance.DataDenerator\Attdance.DataGenerator.csproj", "{785B7CA7-6E99-4C25-A8C0-28600E5F80B1}"
EndProject
Project("{FAE04EC0-301F-11D3-BF4B-00C04F79EFBC}") = "Attendance.Client", "Attendance.Client\Attendance.Client.csproj", "{EC2F30C7-AD91-45F2-89DE-FCAE160CC355}"
EndProject
Global
	GlobalSection(SolutionConfigurationPlatforms) = preSolution
		Debug|Any CPU = Debug|Any CPU
		Release|Any CPU = Release|Any CPU
	EndGlobalSection
	GlobalSection(ProjectConfigurationPlatforms) = postSolution
		{A33DB0EB-1322-480D-B74C-7C44ACA34A15}.Debug|Any CPU.ActiveCfg = Debug|Any CPU
		{A33DB0EB-1322-480D-B74C-7C44ACA34A15}.Debug|Any CPU.Build.0 = Debug|Any CPU
		{A33DB0EB-1322-480D-B74C-7C44ACA34A15}.Release|Any CPU.ActiveCfg = Release|Any CPU
		{A33DB0EB-1322-480D-B74C-7C44ACA34A15}.Release|Any CPU.Build.0 = Release|Any CPU
		{7AB36220-71F3-4F14-A6AB-95A7135FDAC1}.Debug|Any CPU.ActiveCfg = Debug|Any CPU
		{7AB36220-71F3-4F14-A6AB-95A7135FDAC1}.Debug|Any CPU.Build.0 = Debug|Any CPU
		{7AB36220-71F3-4F14-A6AB-95A7135FDAC1}.Release|Any CPU.ActiveCfg = Release|Any CPU
		{7AB36220-71F3-4F14-A6AB-95A7135FDAC1}.Release|Any CPU.Build.0 = Release|Any CPU
		{5A1FA8BB-645C-4606-B07D-82D37295C710}.Debug|Any CPU.ActiveCfg = Debug|Any CPU
		{5A1FA8BB-645C-4606-B07D-82D37295C710}.Debug|Any CPU.Build.0 = Debug|Any CPU
		{5A1FA8BB-645C-4606-B07D-82D37295C710}.Release|Any CPU.ActiveCfg = Release|Any CPU
		{5A1FA8BB-645C-4606-B07D-82D37295C710}.Release|Any CPU.Build.0 = Release|Any CPU
		{785B7CA7-6E99-4C25-A8C0-28600E5F80B1}.Debug|Any CPU.ActiveCfg = Debug|Any CPU
		{785B7CA7-6E99-4C25-A8C0-28600E5F80B1}.Debug|Any CPU.Build.0 = Debug|Any CPU
		{785B7CA7-6E99-4C25-A8C0-28600E5F80B1}.Release|Any CPU.ActiveCfg = Release|Any CPU
		{785B7CA7-6E99-4C25-A8C0-28600E5F80B1}.Release|Any CPU.Build.0 = Release|Any CPU
		{EC2F30C7-AD91-45F2-89DE-FCAE160CC355}.Debug|Any CPU.ActiveCfg = Debug|Any CPU
		{EC2F30C7-AD91-45F2-89DE-FCAE160CC355}.Debug|Any CPU.Build.0 = Debug|Any CPU
		{EC2F30C7-AD91-45F2-89DE-FCAE160CC355}.Release|Any CPU.ActiveCfg = Release|Any CPU
		{EC2F30C7-AD91-45F2-89DE-FCAE160CC355}.Release|Any CPU.Build.0 = Release|Any CPU
	EndGlobalSection
	GlobalSection(SolutionProperties) = preSolution
		HideSolutionNode = FALSE
	EndGlobalSection
	GlobalSection(ExtensibilityGlobals) = postSolution
		SolutionGuid = {11A7FFB3-EFD1-40E8-831F-42A95FBD3A4E}
	EndGlobalSection
EndGlobal
